
Microsoft Visual Studio Solution File, Format Version 12.00
# Visual Studio Version 17
VisualStudioVersion = 17.8.34330.188
MinimumVisualStudioVersion = 10.0.40219.1
Project("{FAE04EC0-301F-11D3-BF4B-00C04F79EFBC}") = "OuterWorldsSaveParser", "OuterWorldsSaveParser\OuterWorldsSaveParser.csproj", "{F6C3355C-A88E-41D6-B4C2-5AED21FC3619}"
EndProject
Global
	GlobalSection(SolutionConfigurationPlatforms) = preSolution
		Debug|Any CPU = Debug|Any CPU
		Release|Any CPU = Release|Any CPU
	EndGlobalSection
	GlobalSection(ProjectConfigurationPlatforms) = postSolution
		{F6C3355C-A88E-41D6-B4C2-5AED21FC3619}.Debug|Any CPU.ActiveCfg = Debug|Any CPU
		{F6C3355C-A88E-41D6-B4C2-5AED21FC3619}.Debug|Any CPU.Build.0 = Debug|Any CPU
		{F6C3355C-A88E-41D6-B4C2-5AED21FC3619}.Release|Any CPU.ActiveCfg = Release|Any CPU
		{F6C3355C-A88E-41D6-B4C2-5AED21FC3619}.Release|Any CPU.Build.0 = Release|Any CPU
	EndGlobalSection
	GlobalSection(SolutionProperties) = preSolution
		HideSolutionNode = FALSE
	EndGlobalSection
	GlobalSection(ExtensibilityGlobals) = postSolution
		SolutionGuid = {E0C49B64-D4E7-466D-8B01-64398205EE69}
	EndGlobalSection
EndGlobal
